
Microsoft Visual Studio Solution File, Format Version 12.00
# Visual Studio Version 17
VisualStudioVersion = 17.12.35506.116
MinimumVisualStudioVersion = 10.0.40219.1
Project("{FAE04EC0-301F-11D3-BF4B-00C04F79EFBC}") = "GUI", "GUI\GUI.csproj", "{B7E75D6D-9584-4F5E-A3C1-E8526A5A0884}"
EndProject
Project("{FAE04EC0-301F-11D3-BF4B-00C04F79EFBC}") = "IGU", "..\Proyecto_de_curso_P3\IGU\IGU.csproj", "{8FDFD443-5404-4ED9-8A24-00C7AEB2760C}"
EndProject
Global
	GlobalSection(SolutionConfigurationPlatforms) = preSolution
		Debug|Any CPU = Debug|Any CPU
		Release|Any CPU = Release|Any CPU
	EndGlobalSection
	GlobalSection(ProjectConfigurationPlatforms) = postSolution
		{B7E75D6D-9584-4F5E-A3C1-E8526A5A0884}.Debug|Any CPU.ActiveCfg = Debug|Any CPU
		{B7E75D6D-9584-4F5E-A3C1-E8526A5A0884}.Debug|Any CPU.Build.0 = Debug|Any CPU
		{B7E75D6D-9584-4F5E-A3C1-E8526A5A0884}.Release|Any CPU.ActiveCfg = Release|Any CPU
		{B7E75D6D-9584-4F5E-A3C1-E8526A5A0884}.Release|Any CPU.Build.0 = Release|Any CPU
		{8FDFD443-5404-4ED9-8A24-00C7AEB2760C}.Debug|Any CPU.ActiveCfg = Debug|Any CPU
		{8FDFD443-5404-4ED9-8A24-00C7AEB2760C}.Debug|Any CPU.Build.0 = Debug|Any CPU
		{8FDFD443-5404-4ED9-8A24-00C7AEB2760C}.Release|Any CPU.ActiveCfg = Release|Any CPU
		{8FDFD443-5404-4ED9-8A24-00C7AEB2760C}.Release|Any CPU.Build.0 = Release|Any CPU
	EndGlobalSection
	GlobalSection(SolutionProperties) = preSolution
		HideSolutionNode = FALSE
	EndGlobalSection
EndGlobal
